
Microsoft Visual Studio Solution File, Format Version 12.00
# Visual Studio Version 17
VisualStudioVersion = 17.1.32328.378
MinimumVisualStudioVersion = 10.0.40219.1
Project("{FAE04EC0-301F-11D3-BF4B-00C04F79EFBC}") = "ConsoleApp2", "ConsoleApp2\ConsoleApp2.csproj", "{22F54185-500F-497B-8CE1-D9837EA85DBB}"
EndProject
Global
	GlobalSection(SolutionConfigurationPlatforms) = preSolution
		Debug|Any CPU = Debug|Any CPU
		Release|Any CPU = Release|Any CPU
	EndGlobalSection
	GlobalSection(ProjectConfigurationPlatforms) = postSolution
		{22F54185-500F-497B-8CE1-D9837EA85DBB}.Debug|Any CPU.ActiveCfg = Debug|Any CPU
		{22F54185-500F-497B-8CE1-D9837EA85DBB}.Debug|Any CPU.Build.0 = Debug|Any CPU
		{22F54185-500F-497B-8CE1-D9837EA85DBB}.Release|Any CPU.ActiveCfg = Release|Any CPU
		{22F54185-500F-497B-8CE1-D9837EA85DBB}.Release|Any CPU.Build.0 = Release|Any CPU
	EndGlobalSection
	GlobalSection(SolutionProperties) = preSolution
		HideSolutionNode = FALSE
	EndGlobalSection
	GlobalSection(ExtensibilityGlobals) = postSolution
		SolutionGuid = {9AA98284-53E2-4D2D-A2CB-D89B8CCA229A}
	EndGlobalSection
EndGlobal
